
Microsoft Visual Studio Solution File, Format Version 12.00
# Visual Studio Version 16
VisualStudioVersion = 16.0.30330.147
MinimumVisualStudioVersion = 10.0.40219.1
Project("{9A19103F-16F7-4668-BE54-9A1E7A4F7556}") = "Dalisama.Extensions.Configuration", "Dalisama.Extensions.Configuration\Dalisama.Extensions.Configuration.csproj", "{2F953F29-2C9E-4C2D-96D1-975DEEB9ED84}"
EndProject
Project("{9A19103F-16F7-4668-BE54-9A1E7A4F7556}") = "Dalisama.Extensions.Configuration.Api", "Dalisama.Extensions.Configuration.Api\Dalisama.Extensions.Configuration.Api.csproj", "{B8BC2AAC-CEAB-4C53-9097-168170654121}"
EndProject
Project("{9A19103F-16F7-4668-BE54-9A1E7A4F7556}") = "Dalisama.Extensions.Configuration.Consumer", "Dalisama.Extensions.Configuration.Consumer\Dalisama.Extensions.Configuration.Consumer.csproj", "{934BDC2F-7397-408A-91BF-5DAF2E0A7CE7}"
EndProject
Global
	GlobalSection(SolutionConfigurationPlatforms) = preSolution
		Debug|Any CPU = Debug|Any CPU
		Release|Any CPU = Release|Any CPU
	EndGlobalSection
	GlobalSection(ProjectConfigurationPlatforms) = postSolution
		{2F953F29-2C9E-4C2D-96D1-975DEEB9ED84}.Debug|Any CPU.ActiveCfg = Debug|Any CPU
		{2F953F29-2C9E-4C2D-96D1-975DEEB9ED84}.Debug|Any CPU.Build.0 = Debug|Any CPU
		{2F953F29-2C9E-4C2D-96D1-975DEEB9ED84}.Release|Any CPU.ActiveCfg = Release|Any CPU
		{2F953F29-2C9E-4C2D-96D1-975DEEB9ED84}.Release|Any CPU.Build.0 = Release|Any CPU
		{B8BC2AAC-CEAB-4C53-9097-168170654121}.Debug|Any CPU.ActiveCfg = Debug|Any CPU
		{B8BC2AAC-CEAB-4C53-9097-168170654121}.Debug|Any CPU.Build.0 = Debug|Any CPU
		{B8BC2AAC-CEAB-4C53-9097-168170654121}.Release|Any CPU.ActiveCfg = Release|Any CPU
		{B8BC2AAC-CEAB-4C53-9097-168170654121}.Release|Any CPU.Build.0 = Release|Any CPU
		{934BDC2F-7397-408A-91BF-5DAF2E0A7CE7}.Debug|Any CPU.ActiveCfg = Debug|Any CPU
		{934BDC2F-7397-408A-91BF-5DAF2E0A7CE7}.Debug|Any CPU.Build.0 = Debug|Any CPU
		{934BDC2F-7397-408A-91BF-5DAF2E0A7CE7}.Release|Any CPU.ActiveCfg = Release|Any CPU
		{934BDC2F-7397-408A-91BF-5DAF2E0A7CE7}.Release|Any CPU.Build.0 = Release|Any CPU
	EndGlobalSection
	GlobalSection(SolutionProperties) = preSolution
		HideSolutionNode = FALSE
	EndGlobalSection
	GlobalSection(ExtensibilityGlobals) = postSolution
		SolutionGuid = {1E356B0D-666E-4366-9C10-A8C14BAF2AEC}
	EndGlobalSection
EndGlobal
